
Microsoft Visual Studio Solution File, Format Version 12.00
# Visual Studio Version 16
VisualStudioVersion = 16.0.30330.147
MinimumVisualStudioVersion = 10.0.40219.1
Project("{FAE04EC0-301F-11D3-BF4B-00C04F79EFBC}") = "Planets and Spaceships", "Planets and Spaceships\Planets and Spaceships.csproj", "{4486EC12-1582-4FF5-9298-547BA3E82836}"
EndProject
Global
	GlobalSection(SolutionConfigurationPlatforms) = preSolution
		Debug|Any CPU = Debug|Any CPU
		Release|Any CPU = Release|Any CPU
	EndGlobalSection
	GlobalSection(ProjectConfigurationPlatforms) = postSolution
		{4486EC12-1582-4FF5-9298-547BA3E82836}.Debug|Any CPU.ActiveCfg = Debug|Any CPU
		{4486EC12-1582-4FF5-9298-547BA3E82836}.Debug|Any CPU.Build.0 = Debug|Any CPU
		{4486EC12-1582-4FF5-9298-547BA3E82836}.Release|Any CPU.ActiveCfg = Release|Any CPU
		{4486EC12-1582-4FF5-9298-547BA3E82836}.Release|Any CPU.Build.0 = Release|Any CPU
	EndGlobalSection
	GlobalSection(SolutionProperties) = preSolution
		HideSolutionNode = FALSE
	EndGlobalSection
	GlobalSection(ExtensibilityGlobals) = postSolution
		SolutionGuid = {BD399CC6-060A-408E-A888-D87D89F3B55E}
	EndGlobalSection
EndGlobal
